
Microsoft Visual Studio Solution File, Format Version 12.00
# Visual Studio Version 17
VisualStudioVersion = 17.1.32328.378
MinimumVisualStudioVersion = 10.0.40219.1
Project("{FAE04EC0-301F-11D3-BF4B-00C04F79EFBC}") = "StackUsingSingleLinkList", "StackUsingSingleLinkList\StackUsingSingleLinkList.csproj", "{3F5C5C75-D404-402B-8B06-19A1ED780D50}"
EndProject
Global
	GlobalSection(SolutionConfigurationPlatforms) = preSolution
		Debug|Any CPU = Debug|Any CPU
		Release|Any CPU = Release|Any CPU
	EndGlobalSection
	GlobalSection(ProjectConfigurationPlatforms) = postSolution
		{3F5C5C75-D404-402B-8B06-19A1ED780D50}.Debug|Any CPU.ActiveCfg = Debug|Any CPU
		{3F5C5C75-D404-402B-8B06-19A1ED780D50}.Debug|Any CPU.Build.0 = Debug|Any CPU
		{3F5C5C75-D404-402B-8B06-19A1ED780D50}.Release|Any CPU.ActiveCfg = Release|Any CPU
		{3F5C5C75-D404-402B-8B06-19A1ED780D50}.Release|Any CPU.Build.0 = Release|Any CPU
	EndGlobalSection
	GlobalSection(SolutionProperties) = preSolution
		HideSolutionNode = FALSE
	EndGlobalSection
	GlobalSection(ExtensibilityGlobals) = postSolution
		SolutionGuid = {6BAEFBDC-7EE6-4924-9CEB-30FAEAA72881}
	EndGlobalSection
EndGlobal
